
Microsoft Visual Studio Solution File, Format Version 12.00
# Visual Studio Version 16
VisualStudioVersion = 16.0.31112.23
MinimumVisualStudioVersion = 10.0.40219.1
Project("{FAE04EC0-301F-11D3-BF4B-00C04F79EFBC}") = "Pattern matching", "Pattern matching\Pattern matching.csproj", "{19E2BB84-3814-4478-B357-0D33BF04B261}"
EndProject
Global
	GlobalSection(SolutionConfigurationPlatforms) = preSolution
		Debug|Any CPU = Debug|Any CPU
		Release|Any CPU = Release|Any CPU
	EndGlobalSection
	GlobalSection(ProjectConfigurationPlatforms) = postSolution
		{19E2BB84-3814-4478-B357-0D33BF04B261}.Debug|Any CPU.ActiveCfg = Debug|Any CPU
		{19E2BB84-3814-4478-B357-0D33BF04B261}.Debug|Any CPU.Build.0 = Debug|Any CPU
		{19E2BB84-3814-4478-B357-0D33BF04B261}.Release|Any CPU.ActiveCfg = Release|Any CPU
		{19E2BB84-3814-4478-B357-0D33BF04B261}.Release|Any CPU.Build.0 = Release|Any CPU
	EndGlobalSection
	GlobalSection(SolutionProperties) = preSolution
		HideSolutionNode = FALSE
	EndGlobalSection
	GlobalSection(ExtensibilityGlobals) = postSolution
		SolutionGuid = {306B08FD-7195-4A56-BF05-F872F2218BF2}
	EndGlobalSection
EndGlobal
